
Microsoft Visual Studio Solution File, Format Version 12.00
# Visual Studio Version 17
VisualStudioVersion = 17.2.32519.379
MinimumVisualStudioVersion = 10.0.40219.1
Project("{FAE04EC0-301F-11D3-BF4B-00C04F79EFBC}") = "Worker.Serilog.Loki.Domain", "Worker.Serilog.Loki.Domain\Worker.Serilog.Loki.Domain.csproj", "{8410388F-E62F-452D-8552-039F39BAB4E8}"
EndProject
Project("{FAE04EC0-301F-11D3-BF4B-00C04F79EFBC}") = "Worker.Serilog.Loki.Shared", "Worker.Serilog.Loki.Shared\Worker.Serilog.Loki.Shared.csproj", "{C14A9546-84F2-49F2-922E-59FF1001228A}"
EndProject
Project("{FAE04EC0-301F-11D3-BF4B-00C04F79EFBC}") = "Worker.Serilog.Loki.Infra.Data", "Worker.Serilog.Loki.Infra.Data\Worker.Serilog.Loki.Infra.Data.csproj", "{9FE5100B-4186-4809-B1B2-104CE50AD2A6}"
EndProject
Project("{FAE04EC0-301F-11D3-BF4B-00C04F79EFBC}") = "Worker.Serilog.Loki.Extensions", "Worker.Serilog.Loki.Extensions\Worker.Serilog.Loki.Extensions.csproj", "{F2024AAF-1571-4AF0-9850-A05C2AB62A74}"
EndProject
Project("{FAE04EC0-301F-11D3-BF4B-00C04F79EFBC}") = "Worker.Serilog.Loki.Tests", "Worker.Serilog.Loki.Tests\Worker.Serilog.Loki.Tests.csproj", "{A8EB8EAE-4105-49D5-B830-38E58914FAE3}"
EndProject
Project("{FAE04EC0-301F-11D3-BF4B-00C04F79EFBC}") = "Worker.Serilog.Loki.Worker", "Worker.Serilog.Loki.Worker\Worker.Serilog.Loki.Worker.csproj", "{8128E06B-DACD-4C90-9159-0F82D1C9FAD1}"
EndProject
Global
	GlobalSection(SolutionConfigurationPlatforms) = preSolution
		Debug|Any CPU = Debug|Any CPU
		Release|Any CPU = Release|Any CPU
	EndGlobalSection
	GlobalSection(ProjectConfigurationPlatforms) = postSolution
		{8410388F-E62F-452D-8552-039F39BAB4E8}.Debug|Any CPU.ActiveCfg = Debug|Any CPU
		{8410388F-E62F-452D-8552-039F39BAB4E8}.Debug|Any CPU.Build.0 = Debug|Any CPU
		{8410388F-E62F-452D-8552-039F39BAB4E8}.Release|Any CPU.ActiveCfg = Release|Any CPU
		{8410388F-E62F-452D-8552-039F39BAB4E8}.Release|Any CPU.Build.0 = Release|Any CPU
		{C14A9546-84F2-49F2-922E-59FF1001228A}.Debug|Any CPU.ActiveCfg = Debug|Any CPU
		{C14A9546-84F2-49F2-922E-59FF1001228A}.Debug|Any CPU.Build.0 = Debug|Any CPU
		{C14A9546-84F2-49F2-922E-59FF1001228A}.Release|Any CPU.ActiveCfg = Release|Any CPU
		{C14A9546-84F2-49F2-922E-59FF1001228A}.Release|Any CPU.Build.0 = Release|Any CPU
		{9FE5100B-4186-4809-B1B2-104CE50AD2A6}.Debug|Any CPU.ActiveCfg = Debug|Any CPU
		{9FE5100B-4186-4809-B1B2-104CE50AD2A6}.Debug|Any CPU.Build.0 = Debug|Any CPU
		{9FE5100B-4186-4809-B1B2-104CE50AD2A6}.Release|Any CPU.ActiveCfg = Release|Any CPU
		{9FE5100B-4186-4809-B1B2-104CE50AD2A6}.Release|Any CPU.Build.0 = Release|Any CPU
		{F2024AAF-1571-4AF0-9850-A05C2AB62A74}.Debug|Any CPU.ActiveCfg = Debug|Any CPU
		{F2024AAF-1571-4AF0-9850-A05C2AB62A74}.Debug|Any CPU.Build.0 = Debug|Any CPU
		{F2024AAF-1571-4AF0-9850-A05C2AB62A74}.Release|Any CPU.ActiveCfg = Release|Any CPU
		{F2024AAF-1571-4AF0-9850-A05C2AB62A74}.Release|Any CPU.Build.0 = Release|Any CPU
		{A8EB8EAE-4105-49D5-B830-38E58914FAE3}.Debug|Any CPU.ActiveCfg = Debug|Any CPU
		{A8EB8EAE-4105-49D5-B830-38E58914FAE3}.Debug|Any CPU.Build.0 = Debug|Any CPU
		{A8EB8EAE-4105-49D5-B830-38E58914FAE3}.Release|Any CPU.ActiveCfg = Release|Any CPU
		{A8EB8EAE-4105-49D5-B830-38E58914FAE3}.Release|Any CPU.Build.0 = Release|Any CPU
		{8128E06B-DACD-4C90-9159-0F82D1C9FAD1}.Debug|Any CPU.ActiveCfg = Debug|Any CPU
		{8128E06B-DACD-4C90-9159-0F82D1C9FAD1}.Debug|Any CPU.Build.0 = Debug|Any CPU
		{8128E06B-DACD-4C90-9159-0F82D1C9FAD1}.Release|Any CPU.ActiveCfg = Release|Any CPU
		{8128E06B-DACD-4C90-9159-0F82D1C9FAD1}.Release|Any CPU.Build.0 = Release|Any CPU
	EndGlobalSection
	GlobalSection(SolutionProperties) = preSolution
		HideSolutionNode = FALSE
	EndGlobalSection
	GlobalSection(ExtensibilityGlobals) = postSolution
		SolutionGuid = {3C79A09A-762A-4E4B-8C71-59ACABD4666A}
	EndGlobalSection
EndGlobal
