
Microsoft Visual Studio Solution File, Format Version 12.00
# Visual Studio Version 17
VisualStudioVersion = 17.2.32519.379
MinimumVisualStudioVersion = 10.0.40219.1
Project("{FAE04EC0-301F-11D3-BF4B-00C04F79EFBC}") = "RestoqueMinimal.Extensions", "RestoqueMinimal.Extensions\RestoqueMinimal.Extensions.csproj", "{BFADA0FB-B114-4389-B016-923DAB3428DF}"
EndProject
Project("{FAE04EC0-301F-11D3-BF4B-00C04F79EFBC}") = "SerilogLoki.Api.Tests", "SerilogLoki.Api.Tests\SerilogLoki.Api.Tests.csproj", "{84D5A96C-CA55-4D35-B43B-8A87E862A1B8}"
EndProject
Project("{FAE04EC0-301F-11D3-BF4B-00C04F79EFBC}") = "SerilogLoki.Api.API", "SerilogLoki.Api.API\SerilogLoki.Api.API.csproj", "{24307C38-2B45-4619-9416-97546416C9E9}"
EndProject
Global
	GlobalSection(SolutionConfigurationPlatforms) = preSolution
		Debug|Any CPU = Debug|Any CPU
		Release|Any CPU = Release|Any CPU
	EndGlobalSection
	GlobalSection(ProjectConfigurationPlatforms) = postSolution
		{BFADA0FB-B114-4389-B016-923DAB3428DF}.Debug|Any CPU.ActiveCfg = Debug|Any CPU
		{BFADA0FB-B114-4389-B016-923DAB3428DF}.Debug|Any CPU.Build.0 = Debug|Any CPU
		{BFADA0FB-B114-4389-B016-923DAB3428DF}.Release|Any CPU.ActiveCfg = Release|Any CPU
		{BFADA0FB-B114-4389-B016-923DAB3428DF}.Release|Any CPU.Build.0 = Release|Any CPU
		{84D5A96C-CA55-4D35-B43B-8A87E862A1B8}.Debug|Any CPU.ActiveCfg = Debug|Any CPU
		{84D5A96C-CA55-4D35-B43B-8A87E862A1B8}.Debug|Any CPU.Build.0 = Debug|Any CPU
		{84D5A96C-CA55-4D35-B43B-8A87E862A1B8}.Release|Any CPU.ActiveCfg = Release|Any CPU
		{84D5A96C-CA55-4D35-B43B-8A87E862A1B8}.Release|Any CPU.Build.0 = Release|Any CPU
		{24307C38-2B45-4619-9416-97546416C9E9}.Debug|Any CPU.ActiveCfg = Debug|Any CPU
		{24307C38-2B45-4619-9416-97546416C9E9}.Debug|Any CPU.Build.0 = Debug|Any CPU
		{24307C38-2B45-4619-9416-97546416C9E9}.Release|Any CPU.ActiveCfg = Release|Any CPU
		{24307C38-2B45-4619-9416-97546416C9E9}.Release|Any CPU.Build.0 = Release|Any CPU
	EndGlobalSection
	GlobalSection(SolutionProperties) = preSolution
		HideSolutionNode = FALSE
	EndGlobalSection
	GlobalSection(ExtensibilityGlobals) = postSolution
		SolutionGuid = {30DDC764-DEB2-4A50-B2BA-DF9399384529}
	EndGlobalSection
EndGlobal
